
Microsoft Visual Studio Solution File, Format Version 12.00
# Visual Studio Version 17
VisualStudioVersion = 17.1.32319.34
MinimumVisualStudioVersion = 10.0.40219.1
Project("{9A19103F-16F7-4668-BE54-9A1E7A4F7556}") = "TeacherBot", "TeacherBot.csproj", "{3724B2A7-8F1E-4736-8F01-69A6E43AC2F2}"
EndProject
Global
	GlobalSection(SolutionConfigurationPlatforms) = preSolution
		Debug|Any CPU = Debug|Any CPU
		Release|Any CPU = Release|Any CPU
	EndGlobalSection
	GlobalSection(ProjectConfigurationPlatforms) = postSolution
		{3724B2A7-8F1E-4736-8F01-69A6E43AC2F2}.Debug|Any CPU.ActiveCfg = Debug|Any CPU
		{3724B2A7-8F1E-4736-8F01-69A6E43AC2F2}.Debug|Any CPU.Build.0 = Debug|Any CPU
		{3724B2A7-8F1E-4736-8F01-69A6E43AC2F2}.Release|Any CPU.ActiveCfg = Release|Any CPU
		{3724B2A7-8F1E-4736-8F01-69A6E43AC2F2}.Release|Any CPU.Build.0 = Release|Any CPU
	EndGlobalSection
	GlobalSection(SolutionProperties) = preSolution
		HideSolutionNode = FALSE
	EndGlobalSection
	GlobalSection(ExtensibilityGlobals) = postSolution
		SolutionGuid = {9DA52830-6D4D-433E-AD2F-C0D5FFE32A83}
	EndGlobalSection
EndGlobal
